// !$*UTF8*$!
{
	archiveVersion = 1;
	classes = {
	};
	objectVersion = 56;
	objects = {

/* Begin PBXBuildFile section */
		ED0C56FC2AECBB220076624D /* AppDelegate.swift in Sources */ = {isa = PBXBuildFile; fileRef = ED0C56FB2AECBB220076624D /* AppDelegate.swift */; };
		ED0C56FE2AECBB220076624D /* SceneDelegate.swift in Sources */ = {isa = PBXBuildFile; fileRef = ED0C56FD2AECBB220076624D /* SceneDelegate.swift */; };
		ED0C57002AECBB220076624D /* ViewController.swift in Sources */ = {isa = PBXBuildFile; fileRef = ED0C56FF2AECBB220076624D /* ViewController.swift */; };
		ED0C57032AECBB220076624D /* Main.storyboard in Resources */ = {isa = PBXBuildFile; fileRef = ED0C57012AECBB220076624D /* Main.storyboard */; };
		ED0C57052AECBB260076624D /* Assets.xcassets in Resources */ = {isa = PBXBuildFile; fileRef = ED0C57042AECBB260076624D /* Assets.xcassets */; };
		ED0C57082AECBB260076624D /* LaunchScreen.storyboard in Resources */ = {isa = PBXBuildFile; fileRef = ED0C57062AECBB260076624D /* LaunchScreen.storyboard */; };
		ED0C57132AECBB260076624D /* FirstMapTests.swift in Sources */ = {isa = PBXBuildFile; fileRef = ED0C57122AECBB260076624D /* FirstMapTests.swift */; };
		ED0C571D2AECBB260076624D /* FirstMapUITests.swift in Sources */ = {isa = PBXBuildFile; fileRef = ED0C571C2AECBB260076624D /* FirstMapUITests.swift */; };
		ED0C571F2AECBB260076624D /* FirstMapUITestsLaunchTests.swift in Sources */ = {isa = PBXBuildFile; fileRef = ED0C571E2AECBB260076624D /* FirstMapUITestsLaunchTests.swift */; };
/* End PBXBuildFile section */

/* Begin PBXContainerItemProxy section */
		ED0C570F2AECBB260076624D /* PBXContainerItemProxy */ = {
			isa = PBXContainerItemProxy;
			containerPortal = ED0C56F02AECBB220076624D /* Project object */;
			proxyType = 1;
			remoteGlobalIDString = ED0C56F72AECBB220076624D;
			remoteInfo = FirstMap;
		};
		ED0C57192AECBB260076624D /* PBXContainerItemProxy */ = {
			isa = PBXContainerItemProxy;
			containerPortal = ED0C56F02AECBB220076624D /* Project object */;
			proxyType = 1;
			remoteGlobalIDString = ED0C56F72AECBB220076624D;
			remoteInfo = FirstMap;
		};
/* End PBXContainerItemProxy section */

/* Begin PBXFileReference section */
		ED0C56F82AECBB220076624D /* FirstMap.app */ = {isa = PBXFileReference; explicitFileType = wrapper.application; includeInIndex = 0; path = FirstMap.app; sourceTree = BUILT_PRODUCTS_DIR; };
		ED0C56FB2AECBB220076624D /* AppDelegate.swift */ = {isa = PBXFileReference; lastKnownFileType = sourcecode.swift; path = AppDelegate.swift; sourceTree = "<group>"; };
		ED0C56FD2AECBB220076624D /* SceneDelegate.swift */ = {isa = PBXFileReference; lastKnownFileType = sourcecode.swift; path = SceneDelegate.swift; sourceTree = "<group>"; };
		ED0C56FF2AECBB220076624D /* ViewController.swift */ = {isa = PBXFileReference; lastKnownFileType = sourcecode.swift; path = ViewController.swift; sourceTree = "<group>"; };
		ED0C57022AECBB220076624D /* Base */ = {isa = PBXFileReference; lastKnownFileType = file.storyboard; name = Base; path = Base.lproj/Main.storyboard; sourceTree = "<group>"; };
		ED0C57042AECBB260076624D /* Assets.xcassets */ = {isa = PBXFileReference; lastKnownFileType = folder.assetcatalog; path = Assets.xcassets; sourceTree = "<group>"; };
		ED0C57072AECBB260076624D /* Base */ = {isa = PBXFileReference; lastKnownFileType = file.storyboard; name = Base; path = Base.lproj/LaunchScreen.storyboard; sourceTree = "<group>"; };
		ED0C57092AECBB260076624D /* Info.plist */ = {isa = PBXFileReference; lastKnownFileType = text.plist.xml; path = Info.plist; sourceTree = "<group>"; };
		ED0C570E2AECBB260076624D /* FirstMapTests.xctest */ = {isa = PBXFileReference; explicitFileType = wrapper.cfbundle; includeInIndex = 0; path = FirstMapTests.xctest; sourceTree = BUILT_PRODUCTS_DIR; };
		ED0C57122AECBB260076624D /* FirstMapTests.swift */ = {isa = PBXFileReference; lastKnownFileType = sourcecode.swift; path = FirstMapTests.swift; sourceTree = "<group>"; };
		ED0C57182AECBB260076624D /* FirstMapUITests.xctest */ = {isa = PBXFileReference; explicitFileType = wrapper.cfbundle; includeInIndex = 0; path = FirstMapUITests.xctest; sourceTree = BUILT_PRODUCTS_DIR; };
		ED0C571C2AECBB260076624D /* FirstMapUITests.swift */ = {isa = PBXFileReference; lastKnownFileType = sourcecode.swift; path = FirstMapUITests.swift; sourceTree = "<group>"; };
		ED0C571E2AECBB260076624D /* FirstMapUITestsLaunchTests.swift */ = {isa = PBXFileReference; lastKnownFileType = sourcecode.swift; path = FirstMapUITestsLaunchTests.swift; sourceTree = "<group>"; };
/* End PBXFileReference section */

/* Begin PBXFrameworksBuildPhase section */
		ED0C56F52AECBB220076624D /* Frameworks */ = {
			isa = PBXFrameworksBuildPhase;
			buildActionMask = 2147483647;
			files = (
			);
			runOnlyForDeploymentPostprocessing = 0;
		};
		ED0C570B2AECBB260076624D /* Frameworks */ = {
			isa = PBXFrameworksBuildPhase;
			buildActionMask = 2147483647;
			files = (
			);
			runOnlyForDeploymentPostprocessing = 0;
		};
		ED0C57152AECBB260076624D /* Frameworks */ = {
			isa = PBXFrameworksBuildPhase;
			buildActionMask = 2147483647;
			files = (
			);
			runOnlyForDeploymentPostprocessing = 0;
		};
/* End PBXFrameworksBuildPhase section */

/* Begin PBXGroup section */
		ED0C56EF2AECBB220076624D = {
			isa = PBXGroup;
			children = (
				ED0C56FA2AECBB220076624D /* FirstMap */,
				ED0C57112AECBB260076624D /* FirstMapTests */,
				ED0C571B2AECBB260076624D /* FirstMapUITests */,
				ED0C56F92AECBB220076624D /* Products */,
			);
			sourceTree = "<group>";
		};
		ED0C56F92AECBB220076624D /* Products */ = {
			isa = PBXGroup;
			children = (
				ED0C56F82AECBB220076624D /* FirstMap.app */,
				ED0C570E2AECBB260076624D /* FirstMapTests.xctest */,
				ED0C57182AECBB260076624D /* FirstMapUITests.xctest */,
			);
			name = Products;
			sourceTree = "<group>";
		};
		ED0C56FA2AECBB220076624D /* FirstMap */ = {
			isa = PBXGroup;
			children = (
				ED0C56FB2AECBB220076624D /* AppDelegate.swift */,
				ED0C56FD2AECBB220076624D /* SceneDelegate.swift */,
				ED0C56FF2AECBB220076624D /* ViewController.swift */,
				ED0C57012AECBB220076624D /* Main.storyboard */,
				ED0C57042AECBB260076624D /* Assets.xcassets */,
				ED0C57062AECBB260076624D /* LaunchScreen.storyboard */,
				ED0C57092AECBB260076624D /* Info.plist */,
			);
			path = FirstMap;
			sourceTree = "<group>";
		};
		ED0C57112AECBB260076624D /* FirstMapTests */ = {
			isa = PBXGroup;
			children = (
				ED0C57122AECBB260076624D /* FirstMapTests.swift */,
			);
			path = FirstMapTests;
			sourceTree = "<group>";
		};
		ED0C571B2AECBB260076624D /* FirstMapUITests */ = {
			isa = PBXGroup;
			children = (
				ED0C571C2AECBB260076624D /* FirstMapUITests.swift */,
				ED0C571E2AECBB260076624D /* FirstMapUITestsLaunchTests.swift */,
			);
			path = FirstMapUITests;
			sourceTree = "<group>";
		};
/* End PBXGroup section */

/* Begin PBXNativeTarget section */
		ED0C56F72AECBB220076624D /* FirstMap */ = {
			isa = PBXNativeTarget;
			buildConfigurationList = ED0C57222AECBB260076624D /* Build configuration list for PBXNativeTarget "FirstMap" */;
			buildPhases = (
				ED0C56F42AECBB220076624D /* Sources */,
				ED0C56F52AECBB220076624D /* Frameworks */,
				ED0C56F62AECBB220076624D /* Resources */,
			);
			buildRules = (
			);
			dependencies = (
			);
			name = FirstMap;
			productName = FirstMap;
			productReference = ED0C56F82AECBB220076624D /* FirstMap.app */;
			productType = "com.apple.product-type.application";
		};
		ED0C570D2AECBB260076624D /* FirstMapTests */ = {
			isa = PBXNativeTarget;
			buildConfigurationList = ED0C57252AECBB260076624D /* Build configuration list for PBXNativeTarget "FirstMapTests" */;
			buildPhases = (
				ED0C570A2AECBB260076624D /* Sources */,
				ED0C570B2AECBB260076624D /* Frameworks */,
				ED0C570C2AECBB260076624D /* Resources */,
			);
			buildRules = (
			);
			dependencies = (
				ED0C57102AECBB260076624D /* PBXTargetDependency */,
			);
			name = FirstMapTests;
			productName = FirstMapTests;
			productReference = ED0C570E2AECBB260076624D /* FirstMapTests.xctest */;
			productType = "com.apple.product-type.bundle.unit-test";
		};
		ED0C57172AECBB260076624D /* FirstMapUITests */ = {
			isa = PBXNativeTarget;
			buildConfigurationList = ED0C57282AECBB260076624D /* Build configuration list for PBXNativeTarget "FirstMapUITests" */;
			buildPhases = (
				ED0C57142AECBB260076624D /* Sources */,
				ED0C57152AECBB260076624D /* Frameworks */,
				ED0C57162AECBB260076624D /* Resources */,
			);
			buildRules = (
			);
			dependencies = (
				ED0C571A2AECBB260076624D /* PBXTargetDependency */,
			);
			name = FirstMapUITests;
			productName = FirstMapUITests;
			productReference = ED0C57182AECBB260076624D /* FirstMapUITests.xctest */;
			productType = "com.apple.product-type.bundle.ui-testing";
		};
/* End PBXNativeTarget section */

/* Begin PBXProject section */
		ED0C56F02AECBB220076624D /* Project object */ = {
			isa = PBXProject;
			attributes = {
				BuildIndependentTargetsInParallel = 1;
				LastSwiftUpdateCheck = 1430;
				LastUpgradeCheck = 1430;
				TargetAttributes = {
					ED0C56F72AECBB220076624D = {
						CreatedOnToolsVersion = 14.3;
					};
					ED0C570D2AECBB260076624D = {
						CreatedOnToolsVersion = 14.3;
						TestTargetID = ED0C56F72AECBB220076624D;
					};
					ED0C57172AECBB260076624D = {
						CreatedOnToolsVersion = 14.3;
						TestTargetID = ED0C56F72AECBB220076624D;
					};
				};
			};
			buildConfigurationList = ED0C56F32AECBB220076624D /* Build configuration list for PBXProject "FirstMap" */;
			compatibilityVersion = "Xcode 14.0";
			developmentRegion = en;
			hasScannedForEncodings = 0;
			knownRegions = (
				en,
				Base,
			);
			mainGroup = ED0C56EF2AECBB220076624D;
			productRefGroup = ED0C56F92AECBB220076624D /* Products */;
			projectDirPath = "";
			projectRoot = "";
			targets = (
				ED0C56F72AECBB220076624D /* FirstMap */,
				ED0C570D2AECBB260076624D /* FirstMapTests */,
				ED0C57172AECBB260076624D /* FirstMapUITests */,
			);
		};
/* End PBXProject section */

/* Begin PBXResourcesBuildPhase section */
		ED0C56F62AECBB220076624D /* Resources */ = {
			isa = PBXResourcesBuildPhase;
			buildActionMask = 2147483647;
			files = (
				ED0C57082AECBB260076624D /* LaunchScreen.storyboard in Resources */,
				ED0C57052AECBB260076624D /* Assets.xcassets in Resources */,
				ED0C57032AECBB220076624D /* Main.storyboard in Resources */,
			);
			runOnlyForDeploymentPostprocessing = 0;
		};
		ED0C570C2AECBB260076624D /* Resources */ = {
			isa = PBXResourcesBuildPhase;
			buildActionMask = 2147483647;
			files = (
			);
			runOnlyForDeploymentPostprocessing = 0;
		};
		ED0C57162AECBB260076624D /* Resources */ = {
			isa = PBXResourcesBuildPhase;
			buildActionMask = 2147483647;
			files = (
			);
			runOnlyForDeploymentPostprocessing = 0;
		};
/* End PBXResourcesBuildPhase section */

/* Begin PBXSourcesBuildPhase section */
		ED0C56F42AECBB220076624D /* Sources */ = {
			isa = PBXSourcesBuildPhase;
			buildActionMask = 2147483647;
			files = (
				ED0C57002AECBB220076624D /* ViewController.swift in Sources */,
				ED0C56FC2AECBB220076624D /* AppDelegate.swift in Sources */,
				ED0C56FE2AECBB220076624D /* SceneDelegate.swift in Sources */,
			);
			runOnlyForDeploymentPostprocessing = 0;
		};
		ED0C570A2AECBB260076624D /* Sources */ = {
			isa = PBXSourcesBuildPhase;
			buildActionMask = 2147483647;
			files = (
				ED0C57132AECBB260076624D /* FirstMapTests.swift in Sources */,
			);
			runOnlyForDeploymentPostprocessing = 0;
		};
		ED0C57142AECBB260076624D /* Sources */ = {
			isa = PBXSourcesBuildPhase;
			buildActionMask = 2147483647;
			files = (
				ED0C571F2AECBB260076624D /* FirstMapUITestsLaunchTests.swift in Sources */,
				ED0C571D2AECBB260076624D /* FirstMapUITests.swift in Sources */,
			);
			runOnlyForDeploymentPostprocessing = 0;
		};
/* End PBXSourcesBuildPhase section */

/* Begin PBXTargetDependency section */
		ED0C57102AECBB260076624D /* PBXTargetDependency */ = {
			isa = PBXTargetDependency;
			target = ED0C56F72AECBB220076624D /* FirstMap */;
			targetProxy = ED0C570F2AECBB260076624D /* PBXContainerItemProxy */;
		};
		ED0C571A2AECBB260076624D /* PBXTargetDependency */ = {
			isa = PBXTargetDependency;
			target = ED0C56F72AECBB220076624D /* FirstMap */;
			targetProxy = ED0C57192AECBB260076624D /* PBXContainerItemProxy */;
		};
/* End PBXTargetDependency section */

/* Begin PBXVariantGroup section */
		ED0C57012AECBB220076624D /* Main.storyboard */ = {
			isa = PBXVariantGroup;
			children = (
				ED0C57022AECBB220076624D /* Base */,
			);
			name = Main.storyboard;
			sourceTree = "<group>";
		};
		ED0C57062AECBB260076624D /* LaunchScreen.storyboard */ = {
			isa = PBXVariantGroup;
			children = (
				ED0C57072AECBB260076624D /* Base */,
			);
			name = LaunchScreen.storyboard;
			sourceTree = "<group>";
		};
/* End PBXVariantGroup section */

/* Begin XCBuildConfiguration section */
		ED0C57202AECBB260076624D /* Debug */ = {
			isa = XCBuildConfiguration;
			buildSettings = {
				ALWAYS_SEARCH_USER_PATHS = NO;
				CLANG_ANALYZER_NONNULL = YES;
				CLANG_ANALYZER_NUMBER_OBJECT_CONVERSION = YES_AGGRESSIVE;
				CLANG_CXX_LANGUAGE_STANDARD = "gnu++20";
				CLANG_ENABLE_MODULES = YES;
				CLANG_ENABLE_OBJC_ARC = YES;
				CLANG_ENABLE_OBJC_WEAK = YES;
				CLANG_WARN_BLOCK_CAPTURE_AUTORELEASING = YES;
				CLANG_WARN_BOOL_CONVERSION = YES;
				CLANG_WARN_COMMA = YES;
				CLANG_WARN_CONSTANT_CONVERSION = YES;
				CLANG_WARN_DEPRECATED_OBJC_IMPLEMENTATIONS = YES;
				CLANG_WARN_DIRECT_OBJC_ISA_USAGE = YES_ERROR;
				CLANG_WARN_DOCUMENTATION_COMMENTS = YES;
				CLANG_WARN_EMPTY_BODY = YES;
				CLANG_WARN_ENUM_CONVERSION = YES;
				CLANG_WARN_INFINITE_RECURSION = YES;
				CLANG_WARN_INT_CONVERSION = YES;
				CLANG_WARN_NON_LITERAL_NULL_CONVERSION = YES;
				CLANG_WARN_OBJC_IMPLICIT_RETAIN_SELF = YES;
				CLANG_WARN_OBJC_LITERAL_CONVERSION = YES;
				CLANG_WARN_OBJC_ROOT_CLASS = YES_ERROR;
				CLANG_WARN_QUOTED_INCLUDE_IN_FRAMEWORK_HEADER = YES;
				CLANG_WARN_RANGE_LOOP_ANALYSIS = YES;
				CLANG_WARN_STRICT_PROTOTYPES = YES;
				CLANG_WARN_SUSPICIOUS_MOVE = YES;
				CLANG_WARN_UNGUARDED_AVAILABILITY = YES_AGGRESSIVE;
				CLANG_WARN_UNREACHABLE_CODE = YES;
				CLANG_WARN__DUPLICATE_METHOD_MATCH = YES;
				COPY_PHASE_STRIP = NO;
				DEBUG_INFORMATION_FORMAT = dwarf;
				ENABLE_STRICT_OBJC_MSGSEND = YES;
				ENABLE_TESTABILITY = YES;
				GCC_C_LANGUAGE_STANDARD = gnu11;
				GCC_DYNAMIC_NO_PIC = NO;
				GCC_NO_COMMON_BLOCKS = YES;
				GCC_OPTIMIZATION_LEVEL = 0;
				GCC_PREPROCESSOR_DEFINITIONS = (
					"DEBUG=1",
					"$(inherited)",
				);
				GCC_WARN_64_TO_32_BIT_CONVERSION = YES;
				GCC_WARN_ABOUT_RETURN_TYPE = YES_ERROR;
				GCC_WARN_UNDECLARED_SELECTOR = YES;
				GCC_WARN_UNINITIALIZED_AUTOS = YES_AGGRESSIVE;
				GCC_WARN_UNUSED_FUNCTION = YES;
				GCC_WARN_UNUSED_VARIABLE = YES;
				IPHONEOS_DEPLOYMENT_TARGET = 16.4;
				MTL_ENABLE_DEBUG_INFO = INCLUDE_SOURCE;
				MTL_FAST_MATH = YES;
				ONLY_ACTIVE_ARCH = YES;
				SDKROOT = iphoneos;
				SWIFT_ACTIVE_COMPILATION_CONDITIONS = DEBUG;
				SWIFT_OPTIMIZATION_LEVEL = "-Onone";
			};
			name = Debug;
		};
		ED0C57212AECBB260076624D /* Release */ = {
			isa = XCBuildConfiguration;
			buildSettings = {
				ALWAYS_SEARCH_USER_PATHS = NO;
				CLANG_ANALYZER_NONNULL = YES;
				CLANG_ANALYZER_NUMBER_OBJECT_CONVERSION = YES_AGGRESSIVE;
				CLANG_CXX_LANGUAGE_STANDARD = "gnu++20";
				CLANG_ENABLE_MODULES = YES;
				CLANG_ENABLE_OBJC_ARC = YES;
				CLANG_ENABLE_OBJC_WEAK = YES;
				CLANG_WARN_BLOCK_CAPTURE_AUTORELEASING = YES;
				CLANG_WARN_BOOL_CONVERSION = YES;
				CLANG_WARN_COMMA = YES;
				CLANG_WARN_CONSTANT_CONVERSION = YES;
				CLANG_WARN_DEPRECATED_OBJC_IMPLEMENTATIONS = YES;
				CLANG_WARN_DIRECT_OBJC_ISA_USAGE = YES_ERROR;
				CLANG_WARN_DOCUMENTATION_COMMENTS = YES;
				CLANG_WARN_EMPTY_BODY = YES;
				CLANG_WARN_ENUM_CONVERSION = YES;
				CLANG_WARN_INFINITE_RECURSION = YES;
				CLANG_WARN_INT_CONVERSION = YES;
				CLANG_WARN_NON_LITERAL_NULL_CONVERSION = YES;
				CLANG_WARN_OBJC_IMPLICIT_RETAIN_SELF = YES;
				CLANG_WARN_OBJC_LITERAL_CONVERSION = YES;
				CLANG_WARN_OBJC_ROOT_CLASS = YES_ERROR;
				CLANG_WARN_QUOTED_INCLUDE_IN_FRAMEWORK_HEADER = YES;
				CLANG_WARN_RANGE_LOOP_ANALYSIS = YES;
				CLANG_WARN_STRICT_PROTOTYPES = YES;
				CLANG_WARN_SUSPICIOUS_MOVE = YES;
				CLANG_WARN_UNGUARDED_AVAILABILITY = YES_AGGRESSIVE;
				CLANG_WARN_UNREACHABLE_CODE = YES;
				CLANG_WARN__DUPLICATE_METHOD_MATCH = YES;
				COPY_PHASE_STRIP = NO;
				DEBUG_INFORMATION_FORMAT = "dwarf-with-dsym";
				ENABLE_NS_ASSERTIONS = NO;
				ENABLE_STRICT_OBJC_MSGSEND = YES;
				GCC_C_LANGUAGE_STANDARD = gnu11;
				GCC_NO_COMMON_BLOCKS = YES;
				GCC_WARN_64_TO_32_BIT_CONVERSION = YES;
				GCC_WARN_ABOUT_RETURN_TYPE = YES_ERROR;
				GCC_WARN_UNDECLARED_SELECTOR = YES;
				GCC_WARN_UNINITIALIZED_AUTOS = YES_AGGRESSIVE;
				GCC_WARN_UNUSED_FUNCTION = YES;
				GCC_WARN_UNUSED_VARIABLE = YES;
				IPHONEOS_DEPLOYMENT_TARGET = 16.4;
				MTL_ENABLE_DEBUG_INFO = NO;
				MTL_FAST_MATH = YES;
				SDKROOT = iphoneos;
				SWIFT_COMPILATION_MODE = wholemodule;
				SWIFT_OPTIMIZATION_LEVEL = "-O";
				VALIDATE_PRODUCT = YES;
			};
			name = Release;
		};
		ED0C57232AECBB260076624D /* Debug */ = {
			isa = XCBuildConfiguration;
			buildSettings = {
				ASSETCATALOG_COMPILER_APPICON_NAME = AppIcon;
				ASSETCATALOG_COMPILER_GLOBAL_ACCENT_COLOR_NAME = AccentColor;
				CODE_SIGN_STYLE = Automatic;
				CURRENT_PROJECT_VERSION = 1;
				GENERATE_INFOPLIST_FILE = YES;
				INFOPLIST_FILE = FirstMap/Info.plist;
				INFOPLIST_KEY_UIApplicationSupportsIndirectInputEvents = YES;
				INFOPLIST_KEY_UILaunchStoryboardName = LaunchScreen;
				INFOPLIST_KEY_UIMainStoryboardFile = Main;
				INFOPLIST_KEY_UISupportedInterfaceOrientations_iPad = "UIInterfaceOrientationPortrait UIInterfaceOrientationPortraitUpsideDown UIInterfaceOrientationLandscapeLeft UIInterfaceOrientationLandscapeRight";
				INFOPLIST_KEY_UISupportedInterfaceOrientations_iPhone = "UIInterfaceOrientationPortrait UIInterfaceOrientationLandscapeLeft UIInterfaceOrientationLandscapeRight";
				LD_RUNPATH_SEARCH_PATHS = (
					"$(inherited)",
					"@executable_path/Frameworks",
				);
				MARKETING_VERSION = 1.0;
				PRODUCT_BUNDLE_IDENTIFIER = abcd.FirstMap;
				PRODUCT_NAME = "$(TARGET_NAME)";
				SWIFT_EMIT_LOC_STRINGS = YES;
				SWIFT_VERSION = 5.0;
				TARGETED_DEVICE_FAMILY = "1,2";
			};
			name = Debug;
		};
		ED0C57242AECBB260076624D /* Release */ = {
			isa = XCBuildConfiguration;
			buildSettings = {
				ASSETCATALOG_COMPILER_APPICON_NAME = AppIcon;
				ASSETCATALOG_COMPILER_GLOBAL_ACCENT_COLOR_NAME = AccentColor;
				CODE_SIGN_STYLE = Automatic;
				CURRENT_PROJECT_VERSION = 1;
				GENERATE_INFOPLIST_FILE = YES;
				INFOPLIST_FILE = FirstMap/Info.plist;
				INFOPLIST_KEY_UIApplicationSupportsIndirectInputEvents = YES;
				INFOPLIST_KEY_UILaunchStoryboardName = LaunchScreen;
				INFOPLIST_KEY_UIMainStoryboardFile = Main;
				INFOPLIST_KEY_UISupportedInterfaceOrientations_iPad = "UIInterfaceOrientationPortrait UIInterfaceOrientationPortraitUpsideDown UIInterfaceOrientationLandscapeLeft UIInterfaceOrientationLandscapeRight";
				INFOPLIST_KEY_UISupportedInterfaceOrientations_iPhone = "UIInterfaceOrientationPortrait UIInterfaceOrientationLandscapeLeft UIInterfaceOrientationLandscapeRight";
				LD_RUNPATH_SEARCH_PATHS = (
					"$(inherited)",
					"@executable_path/Frameworks",
				);
				MARKETING_VERSION = 1.0;
				PRODUCT_BUNDLE_IDENTIFIER = abcd.FirstMap;
				PRODUCT_NAME = "$(TARGET_NAME)";
				SWIFT_EMIT_LOC_STRINGS = YES;
				SWIFT_VERSION = 5.0;
				TARGETED_DEVICE_FAMILY = "1,2";
			};
			name = Release;
		};
		ED0C57262AECBB260076624D /* Debug */ = {
			isa = XCBuildConfiguration;
			buildSettings = {
				ALWAYS_EMBED_SWIFT_STANDARD_LIBRARIES = YES;
				BUNDLE_LOADER = "$(TEST_HOST)";
				CODE_SIGN_STYLE = Automatic;
				CURRENT_PROJECT_VERSION = 1;
				GENERATE_INFOPLIST_FILE = YES;
				IPHONEOS_DEPLOYMENT_TARGET = 16.4;
				MARKETING_VERSION = 1.0;
				PRODUCT_BUNDLE_IDENTIFIER = abcd.FirstMapTests;
				PRODUCT_NAME = "$(TARGET_NAME)";
				SWIFT_EMIT_LOC_STRINGS = NO;
				SWIFT_VERSION = 5.0;
				TARGETED_DEVICE_FAMILY = "1,2";
				TEST_HOST = "$(BUILT_PRODUCTS_DIR)/FirstMap.app/$(BUNDLE_EXECUTABLE_FOLDER_PATH)/FirstMap";
			};
			name = Debug;
		};
		ED0C57272AECBB260076624D /* Release */ = {
			isa = XCBuildConfiguration;
			buildSettings = {
				ALWAYS_EMBED_SWIFT_STANDARD_LIBRARIES = YES;
				BUNDLE_LOADER = "$(TEST_HOST)";
				CODE_SIGN_STYLE = Automatic;
				CURRENT_PROJECT_VERSION = 1;
				GENERATE_INFOPLIST_FILE = YES;
				IPHONEOS_DEPLOYMENT_TARGET = 16.4;
				MARKETING_VERSION = 1.0;
				PRODUCT_BUNDLE_IDENTIFIER = abcd.FirstMapTests;
				PRODUCT_NAME = "$(TARGET_NAME)";
				SWIFT_EMIT_LOC_STRINGS = NO;
				SWIFT_VERSION = 5.0;
				TARGETED_DEVICE_FAMILY = "1,2";
				TEST_HOST = "$(BUILT_PRODUCTS_DIR)/FirstMap.app/$(BUNDLE_EXECUTABLE_FOLDER_PATH)/FirstMap";
			};
			name = Release;
		};
		ED0C57292AECBB260076624D /* Debug */ = {
			isa = XCBuildConfiguration;
			buildSettings = {
				ALWAYS_EMBED_SWIFT_STANDARD_LIBRARIES = YES;
				CODE_SIGN_STYLE = Automatic;
				CURRENT_PROJECT_VERSION = 1;
				GENERATE_INFOPLIST_FILE = YES;
				MARKETING_VERSION = 1.0;
				PRODUCT_BUNDLE_IDENTIFIER = abcd.FirstMapUITests;
				PRODUCT_NAME = "$(TARGET_NAME)";
				SWIFT_EMIT_LOC_STRINGS = NO;
				SWIFT_VERSION = 5.0;
				TARGETED_DEVICE_FAMILY = "1,2";
				TEST_TARGET_NAME = FirstMap;
			};
			name = Debug;
		};
		ED0C572A2AECBB260076624D /* Release */ = {
			isa = XCBuildConfiguration;
			buildSettings = {
				ALWAYS_EMBED_SWIFT_STANDARD_LIBRARIES = YES;
				CODE_SIGN_STYLE = Automatic;
				CURRENT_PROJECT_VERSION = 1;
				GENERATE_INFOPLIST_FILE = YES;
				MARKETING_VERSION = 1.0;
				PRODUCT_BUNDLE_IDENTIFIER = abcd.FirstMapUITests;
				PRODUCT_NAME = "$(TARGET_NAME)";
				SWIFT_EMIT_LOC_STRINGS = NO;
				SWIFT_VERSION = 5.0;
				TARGETED_DEVICE_FAMILY = "1,2";
				TEST_TARGET_NAME = FirstMap;
			};
			name = Release;
		};
/* End XCBuildConfiguration section */

/* Begin XCConfigurationList section */
		ED0C56F32AECBB220076624D /* Build configuration list for PBXProject "FirstMap" */ = {
			isa = XCConfigurationList;
			buildConfigurations = (
				ED0C57202AECBB260076624D /* Debug */,
				ED0C57212AECBB260076624D /* Release */,
			);
			defaultConfigurationIsVisible = 0;
			defaultConfigurationName = Release;
		};
		ED0C57222AECBB260076624D /* Build configuration list for PBXNativeTarget "FirstMap" */ = {
			isa = XCConfigurationList;
			buildConfigurations = (
				ED0C57232AECBB260076624D /* Debug */,
				ED0C57242AECBB260076624D /* Release */,
			);
			defaultConfigurationIsVisible = 0;
			defaultConfigurationName = Release;
		};
		ED0C57252AECBB260076624D /* Build configuration list for PBXNativeTarget "FirstMapTests" */ = {
			isa = XCConfigurationList;
			buildConfigurations = (
				ED0C57262AECBB260076624D /* Debug */,
				ED0C57272AECBB260076624D /* Release */,
			);
			defaultConfigurationIsVisible = 0;
			defaultConfigurationName = Release;
		};
		ED0C57282AECBB260076624D /* Build configuration list for PBXNativeTarget "FirstMapUITests" */ = {
			isa = XCConfigurationList;
			buildConfigurations = (
				ED0C57292AECBB260076624D /* Debug */,
				ED0C572A2AECBB260076624D /* Release */,
			);
			defaultConfigurationIsVisible = 0;
			defaultConfigurationName = Release;
		};
/* End XCConfigurationList section */
	};
	rootObject = ED0C56F02AECBB220076624D /* Project object */;
}
